
Microsoft Visual Studio Solution File, Format Version 12.00
# Visual Studio Version 16
VisualStudioVersion = 16.0.31702.278
MinimumVisualStudioVersion = 10.0.40219.1
Project("{FAE04EC0-301F-11D3-BF4B-00C04F79EFBC}") = "HandwrittenNumbers", "HandwrittenNumbers\HandwrittenNumbers.csproj", "{971B4204-A7A6-40EC-9C47-1A3BFFF0B27D}"
EndProject
Project("{9A19103F-16F7-4668-BE54-9A1E7A4F7556}") = "MLModel1_ConsoleApp", "MLModel1_ConsoleApp\MLModel1_ConsoleApp.csproj", "{38E57D13-B9D1-4160-BD0C-61BABBCF4A1E}"
EndProject
Global
	GlobalSection(SolutionConfigurationPlatforms) = preSolution
		Debug|Any CPU = Debug|Any CPU
		Release|Any CPU = Release|Any CPU
	EndGlobalSection
	GlobalSection(ProjectConfigurationPlatforms) = postSolution
		{971B4204-A7A6-40EC-9C47-1A3BFFF0B27D}.Debug|Any CPU.ActiveCfg = Debug|Any CPU
		{971B4204-A7A6-40EC-9C47-1A3BFFF0B27D}.Debug|Any CPU.Build.0 = Debug|Any CPU
		{971B4204-A7A6-40EC-9C47-1A3BFFF0B27D}.Release|Any CPU.ActiveCfg = Release|Any CPU
		{971B4204-A7A6-40EC-9C47-1A3BFFF0B27D}.Release|Any CPU.Build.0 = Release|Any CPU
		{38E57D13-B9D1-4160-BD0C-61BABBCF4A1E}.Debug|Any CPU.ActiveCfg = Debug|Any CPU
		{38E57D13-B9D1-4160-BD0C-61BABBCF4A1E}.Debug|Any CPU.Build.0 = Debug|Any CPU
		{38E57D13-B9D1-4160-BD0C-61BABBCF4A1E}.Release|Any CPU.ActiveCfg = Release|Any CPU
		{38E57D13-B9D1-4160-BD0C-61BABBCF4A1E}.Release|Any CPU.Build.0 = Release|Any CPU
	EndGlobalSection
	GlobalSection(SolutionProperties) = preSolution
		HideSolutionNode = FALSE
	EndGlobalSection
	GlobalSection(ExtensibilityGlobals) = postSolution
		SolutionGuid = {BEC283AC-7524-4D00-94BE-2C8FEC2B40DC}
	EndGlobalSection
EndGlobal
